
Microsoft Visual Studio Solution File, Format Version 12.00
# Visual Studio Version 17
VisualStudioVersion = 17.0.32126.317
MinimumVisualStudioVersion = 10.0.40219.1
Project("{9A19103F-16F7-4668-BE54-9A1E7A4F7556}") = "SDKs", "SDKs\SDKs.csproj", "{794E8A18-7EC3-4B8D-88D2-6B4A3695CD34}"
EndProject
Project("{FAE04EC0-301F-11D3-BF4B-00C04F79EFBC}") = "SDKs.Tests", "SDKs.Tests\SDKs.Tests.csproj", "{D016A829-1F05-47BE-8490-81E777261103}"
EndProject
Global
	GlobalSection(SolutionConfigurationPlatforms) = preSolution
		Debug|Any CPU = Debug|Any CPU
		Release|Any CPU = Release|Any CPU
	EndGlobalSection
	GlobalSection(ProjectConfigurationPlatforms) = postSolution
		{794E8A18-7EC3-4B8D-88D2-6B4A3695CD34}.Debug|Any CPU.ActiveCfg = Debug|Any CPU
		{794E8A18-7EC3-4B8D-88D2-6B4A3695CD34}.Debug|Any CPU.Build.0 = Debug|Any CPU
		{794E8A18-7EC3-4B8D-88D2-6B4A3695CD34}.Release|Any CPU.ActiveCfg = Release|Any CPU
		{794E8A18-7EC3-4B8D-88D2-6B4A3695CD34}.Release|Any CPU.Build.0 = Release|Any CPU
		{D016A829-1F05-47BE-8490-81E777261103}.Debug|Any CPU.ActiveCfg = Debug|Any CPU
		{D016A829-1F05-47BE-8490-81E777261103}.Debug|Any CPU.Build.0 = Debug|Any CPU
		{D016A829-1F05-47BE-8490-81E777261103}.Release|Any CPU.ActiveCfg = Release|Any CPU
		{D016A829-1F05-47BE-8490-81E777261103}.Release|Any CPU.Build.0 = Release|Any CPU
	EndGlobalSection
	GlobalSection(SolutionProperties) = preSolution
		HideSolutionNode = FALSE
	EndGlobalSection
	GlobalSection(ExtensibilityGlobals) = postSolution
		SolutionGuid = {E2865D4E-E5FF-4A9A-8781-0EB3FAD1210F}
	EndGlobalSection
EndGlobal
